# This file is generated by running "yarn install" inside your project.
# Manual changes might be lost - proceed with caution!

__metadata:
  version: 8
  cacheKey: 10

"@molitio/resource-hub@workspace:.":
  version: 0.0.0-use.local
  resolution: "@molitio/resource-hub@workspace:."
  dependencies:
    "@types/node": "npm:^18.11.11"
    typescript: "npm:^4.7.4"
  languageName: unknown
  linkType: soft

"@types/node@npm:^18.11.11":
  version: 18.11.13
  resolution: "@types/node@npm:18.11.13"
  checksum: 10/ffb2c3a16f83a36866977196e4d32407201950336dec6f88dd42e2fe661cef2f19296c2da24e647e76ea58125d3afd9702bb4c207134ce6b8f4d65524a6a3959
  languageName: node
  linkType: hard

"typescript@npm:^4.7.4":
  version: 4.9.4
  resolution: "typescript@npm:4.9.4"
  bin:
    tsc: bin/tsc
    tsserver: bin/tsserver
  checksum: 10/1f2cc85edcd1e3ae978d139ff906714f509256a955669bf5b1e51f4d004e3e42cd64436175ef770ce2e6b3954412d32fd0ddc1e68147fdfff2809dc5e4c06b49
  languageName: node
  linkType: hard

"typescript@patch:typescript@npm%3A^4.7.4#optional!builtin<compat/typescript>":
  version: 4.9.4
  resolution: "typescript@patch:typescript@npm%3A4.9.4#optional!builtin<compat/typescript>::version=4.9.4&hash=289587"
  bin:
    tsc: bin/tsc
    tsserver: bin/tsserver
  checksum: 10/ba4a4e17588978b841063149387dd880b8f6db8dac81ef30ae437498b07aa1eb415a79e42e03e341dc02cee58e8db21d564680285e4e86b1de8df04f0fcdbc95
  languageName: node
  linkType: hard
